// !$*UTF8*$!
{
	archiveVersion = 1;
	classes = {
	};
	objectVersion = 48;
	objects = {

/* Begin PBXBuildFile section */
		520E87F51FFAAC88009C794D /* AppDelegate.swift in Sources */ = {isa = PBXBuildFile; fileRef = 520E87F41FFAAC88009C794D /* AppDelegate.swift */; };
		520E87F71FFAAC88009C794D /* TodoListViewController.swift in Sources */ = {isa = PBXBuildFile; fileRef = 520E87F61FFAAC88009C794D /* TodoListViewController.swift */; };
		520E87FA1FFAAC88009C794D /* Main.storyboard in Resources */ = {isa = PBXBuildFile; fileRef = 520E87F81FFAAC88009C794D /* Main.storyboard */; };
		520E87FC1FFAAC88009C794D /* Assets.xcassets in Resources */ = {isa = PBXBuildFile; fileRef = 520E87FB1FFAAC88009C794D /* Assets.xcassets */; };
		520E87FF1FFAAC88009C794D /* LaunchScreen.storyboard in Resources */ = {isa = PBXBuildFile; fileRef = 520E87FD1FFAAC88009C794D /* LaunchScreen.storyboard */; };
		527007662007FD2300387E25 /* Item.swift in Sources */ = {isa = PBXBuildFile; fileRef = 527007652007FD2300387E25 /* Item.swift */; };
		527007682007FD2F00387E25 /* Category.swift in Sources */ = {isa = PBXBuildFile; fileRef = 527007672007FD2F00387E25 /* Category.swift */; };
		527392AB2004132900C80A17 /* CategoryViewController.swift in Sources */ = {isa = PBXBuildFile; fileRef = 527392AA2004132900C80A17 /* CategoryViewController.swift */; };
		6065F827F5D3CD48622B2EC8 /* Pods_Todoey.framework in Frameworks */ = {isa = PBXBuildFile; fileRef = 36B784E28622F710D468E385 /* Pods_Todoey.framework */; };
/* End PBXBuildFile section */

/* Begin PBXFileReference section */
		1C54FF4FA035400C604B8C28 /* Pods-Todoey.debug.xcconfig */ = {isa = PBXFileReference; includeInIndex = 1; lastKnownFileType = text.xcconfig; name = "Pods-Todoey.debug.xcconfig"; path = "Pods/Target Support Files/Pods-Todoey/Pods-Todoey.debug.xcconfig"; sourceTree = "<group>"; };
		36B784E28622F710D468E385 /* Pods_Todoey.framework */ = {isa = PBXFileReference; explicitFileType = wrapper.framework; includeInIndex = 0; path = Pods_Todoey.framework; sourceTree = BUILT_PRODUCTS_DIR; };
		520E87F11FFAAC88009C794D /* Todoey.app */ = {isa = PBXFileReference; explicitFileType = wrapper.application; includeInIndex = 0; path = Todoey.app; sourceTree = BUILT_PRODUCTS_DIR; };
		520E87F41FFAAC88009C794D /* AppDelegate.swift */ = {isa = PBXFileReference; lastKnownFileType = sourcecode.swift; path = AppDelegate.swift; sourceTree = "<group>"; };
		520E87F61FFAAC88009C794D /* TodoListViewController.swift */ = {isa = PBXFileReference; lastKnownFileType = sourcecode.swift; path = TodoListViewController.swift; sourceTree = "<group>"; };
		520E87F91FFAAC88009C794D /* Base */ = {isa = PBXFileReference; lastKnownFileType = file.storyboard; name = Base; path = Base.lproj/Main.storyboard; sourceTree = "<group>"; };
		520E87FB1FFAAC88009C794D /* Assets.xcassets */ = {isa = PBXFileReference; lastKnownFileType = folder.assetcatalog; path = Assets.xcassets; sourceTree = "<group>"; };
		520E87FE1FFAAC88009C794D /* Base */ = {isa = PBXFileReference; lastKnownFileType = file.storyboard; name = Base; path = Base.lproj/LaunchScreen.storyboard; sourceTree = "<group>"; };
		520E88001FFAAC88009C794D /* Info.plist */ = {isa = PBXFileReference; lastKnownFileType = text.plist.xml; path = Info.plist; sourceTree = "<group>"; };
		527007652007FD2300387E25 /* Item.swift */ = {isa = PBXFileReference; lastKnownFileType = sourcecode.swift; path = Item.swift; sourceTree = "<group>"; };
		527007672007FD2F00387E25 /* Category.swift */ = {isa = PBXFileReference; lastKnownFileType = sourcecode.swift; path = Category.swift; sourceTree = "<group>"; };
		527392AA2004132900C80A17 /* CategoryViewController.swift */ = {isa = PBXFileReference; lastKnownFileType = sourcecode.swift; path = CategoryViewController.swift; sourceTree = "<group>"; };
		A89824EC9AFE20A9837599B3 /* Pods-Todoey.release.xcconfig */ = {isa = PBXFileReference; includeInIndex = 1; lastKnownFileType = text.xcconfig; name = "Pods-Todoey.release.xcconfig"; path = "Pods/Target Support Files/Pods-Todoey/Pods-Todoey.release.xcconfig"; sourceTree = "<group>"; };
/* End PBXFileReference section */

/* Begin PBXFrameworksBuildPhase section */
		520E87EE1FFAAC88009C794D /* Frameworks */ = {
			isa = PBXFrameworksBuildPhase;
			buildActionMask = 2147483647;
			files = (
				6065F827F5D3CD48622B2EC8 /* Pods_Todoey.framework in Frameworks */,
			);
			runOnlyForDeploymentPostprocessing = 0;
		};
/* End PBXFrameworksBuildPhase section */

/* Begin PBXGroup section */
		2483A13E9AFB5D0C62E72593 /* Pods */ = {
			isa = PBXGroup;
			children = (
				1C54FF4FA035400C604B8C28 /* Pods-Todoey.debug.xcconfig */,
				A89824EC9AFE20A9837599B3 /* Pods-Todoey.release.xcconfig */,
			);
			name = Pods;
			sourceTree = "<group>";
		};
		520E16BB1FFC3068009BFEC9 /* Data Model */ = {
			isa = PBXGroup;
			children = (
				527007672007FD2F00387E25 /* Category.swift */,
				527007652007FD2300387E25 /* Item.swift */,
			);
			path = "Data Model";
			sourceTree = "<group>";
		};
		520E16BC1FFC30A3009BFEC9 /* Controllers */ = {
			isa = PBXGroup;
			children = (
				527392AA2004132900C80A17 /* CategoryViewController.swift */,
				520E87F61FFAAC88009C794D /* TodoListViewController.swift */,
			);
			path = Controllers;
			sourceTree = "<group>";
		};
		520E16BD1FFC30D8009BFEC9 /* Views */ = {
			isa = PBXGroup;
			children = (
				520E87F81FFAAC88009C794D /* Main.storyboard */,
			);
			path = Views;
			sourceTree = "<group>";
		};
		520E16BE1FFC3170009BFEC9 /* Supporting Files */ = {
			isa = PBXGroup;
			children = (
				520E87FB1FFAAC88009C794D /* Assets.xcassets */,
				520E87FD1FFAAC88009C794D /* LaunchScreen.storyboard */,
			);
			path = "Supporting Files";
			sourceTree = "<group>";
		};
		520E87E81FFAAC88009C794D = {
			isa = PBXGroup;
			children = (
				520E87F31FFAAC88009C794D /* Todoey */,
				520E87F21FFAAC88009C794D /* Products */,
				2483A13E9AFB5D0C62E72593 /* Pods */,
				58B12288A033CAD52351858E /* Frameworks */,
			);
			sourceTree = "<group>";
		};
		520E87F21FFAAC88009C794D /* Products */ = {
			isa = PBXGroup;
			children = (
				520E87F11FFAAC88009C794D /* Todoey.app */,
			);
			name = Products;
			sourceTree = "<group>";
		};
		520E87F31FFAAC88009C794D /* Todoey */ = {
			isa = PBXGroup;
			children = (
				520E87F41FFAAC88009C794D /* AppDelegate.swift */,
				520E16BC1FFC30A3009BFEC9 /* Controllers */,
				520E16BB1FFC3068009BFEC9 /* Data Model */,
				520E16BD1FFC30D8009BFEC9 /* Views */,
				520E16BE1FFC3170009BFEC9 /* Supporting Files */,
				520E88001FFAAC88009C794D /* Info.plist */,
			);
			path = Todoey;
			sourceTree = "<group>";
		};
		58B12288A033CAD52351858E /* Frameworks */ = {
			isa = PBXGroup;
			children = (
				36B784E28622F710D468E385 /* Pods_Todoey.framework */,
			);
			name = Frameworks;
			sourceTree = "<group>";
		};
/* End PBXGroup section */

/* Begin PBXNativeTarget section */
		520E87F01FFAAC88009C794D /* Todoey */ = {
			isa = PBXNativeTarget;
			buildConfigurationList = 520E88031FFAAC88009C794D /* Build configuration list for PBXNativeTarget "Todoey" */;
			buildPhases = (
				093B9C784B4D65E32865151D /* [CP] Check Pods Manifest.lock */,
				520E87ED1FFAAC88009C794D /* Sources */,
				520E87EE1FFAAC88009C794D /* Frameworks */,
				520E87EF1FFAAC88009C794D /* Resources */,
				AB2129D5A70E8797354812EB /* [CP] Embed Pods Frameworks */,
				AD502DA6F8D06BC569D1F637 /* [CP] Copy Pods Resources */,
			);
			buildRules = (
			);
			dependencies = (
			);
			name = Todoey;
			productName = Todoey;
			productReference = 520E87F11FFAAC88009C794D /* Todoey.app */;
			productType = "com.apple.product-type.application";
		};
/* End PBXNativeTarget section */

/* Begin PBXProject section */
		520E87E91FFAAC88009C794D /* Project object */ = {
			isa = PBXProject;
			attributes = {
				LastSwiftUpdateCheck = 0920;
				LastUpgradeCheck = 0920;
				ORGANIZATIONNAME = "John Cupak";
				TargetAttributes = {
					520E87F01FFAAC88009C794D = {
						CreatedOnToolsVersion = 9.2;
						ProvisioningStyle = Automatic;
					};
				};
			};
			buildConfigurationList = 520E87EC1FFAAC88009C794D /* Build configuration list for PBXProject "Todoey" */;
			compatibilityVersion = "Xcode 8.0";
			developmentRegion = en;
			hasScannedForEncodings = 0;
			knownRegions = (
				en,
				Base,
			);
			mainGroup = 520E87E81FFAAC88009C794D;
			productRefGroup = 520E87F21FFAAC88009C794D /* Products */;
			projectDirPath = "";
			projectRoot = "";
			targets = (
				520E87F01FFAAC88009C794D /* Todoey */,
			);
		};
/* End PBXProject section */

/* Begin PBXResourcesBuildPhase section */
		520E87EF1FFAAC88009C794D /* Resources */ = {
			isa = PBXResourcesBuildPhase;
			buildActionMask = 2147483647;
			files = (
				520E87FF1FFAAC88009C794D /* LaunchScreen.storyboard in Resources */,
				520E87FC1FFAAC88009C794D /* Assets.xcassets in Resources */,
				520E87FA1FFAAC88009C794D /* Main.storyboard in Resources */,
			);
			runOnlyForDeploymentPostprocessing = 0;
		};
/* End PBXResourcesBuildPhase section */

/* Begin PBXShellScriptBuildPhase section */
		093B9C784B4D65E32865151D /* [CP] Check Pods Manifest.lock */ = {
			isa = PBXShellScriptBuildPhase;
			buildActionMask = 2147483647;
			files = (
			);
			inputPaths = (
				"${PODS_PODFILE_DIR_PATH}/Podfile.lock",
				"${PODS_ROOT}/Manifest.lock",
			);
			name = "[CP] Check Pods Manifest.lock";
			outputPaths = (
				"$(DERIVED_FILE_DIR)/Pods-Todoey-checkManifestLockResult.txt",
			);
			runOnlyForDeploymentPostprocessing = 0;
			shellPath = /bin/sh;
			shellScript = "diff \"${PODS_PODFILE_DIR_PATH}/Podfile.lock\" \"${PODS_ROOT}/Manifest.lock\" > /dev/null\nif [ $? != 0 ] ; then\n    # print error to STDERR\n    echo \"error: The sandbox is not in sync with the Podfile.lock. Run 'pod install' or update your CocoaPods installation.\" >&2\n    exit 1\nfi\n# This output is used by Xcode 'outputs' to avoid re-running this script phase.\necho \"SUCCESS\" > \"${SCRIPT_OUTPUT_FILE_0}\"\n";
			showEnvVarsInLog = 0;
		};
		AB2129D5A70E8797354812EB /* [CP] Embed Pods Frameworks */ = {
			isa = PBXShellScriptBuildPhase;
			buildActionMask = 2147483647;
			files = (
			);
			inputPaths = (
				"${SRCROOT}/Pods/Target Support Files/Pods-Todoey/Pods-Todoey-frameworks.sh",
				"${BUILT_PRODUCTS_DIR}/Realm/Realm.framework",
				"${BUILT_PRODUCTS_DIR}/RealmSwift/RealmSwift.framework",
			);
			name = "[CP] Embed Pods Frameworks";
			outputPaths = (
				"${TARGET_BUILD_DIR}/${FRAMEWORKS_FOLDER_PATH}/Realm.framework",
				"${TARGET_BUILD_DIR}/${FRAMEWORKS_FOLDER_PATH}/RealmSwift.framework",
			);
			runOnlyForDeploymentPostprocessing = 0;
			shellPath = /bin/sh;
			shellScript = "\"${SRCROOT}/Pods/Target Support Files/Pods-Todoey/Pods-Todoey-frameworks.sh\"\n";
			showEnvVarsInLog = 0;
		};
		AD502DA6F8D06BC569D1F637 /* [CP] Copy Pods Resources */ = {
			isa = PBXShellScriptBuildPhase;
			buildActionMask = 2147483647;
			files = (
			);
			inputPaths = (
			);
			name = "[CP] Copy Pods Resources";
			outputPaths = (
			);
			runOnlyForDeploymentPostprocessing = 0;
			shellPath = /bin/sh;
			shellScript = "\"${SRCROOT}/Pods/Target Support Files/Pods-Todoey/Pods-Todoey-resources.sh\"\n";
			showEnvVarsInLog = 0;
		};
/* End PBXShellScriptBuildPhase section */

/* Begin PBXSourcesBuildPhase section */
		520E87ED1FFAAC88009C794D /* Sources */ = {
			isa = PBXSourcesBuildPhase;
			buildActionMask = 2147483647;
			files = (
				527007662007FD2300387E25 /* Item.swift in Sources */,
				527392AB2004132900C80A17 /* CategoryViewController.swift in Sources */,
				520E87F71FFAAC88009C794D /* TodoListViewController.swift in Sources */,
				520E87F51FFAAC88009C794D /* AppDelegate.swift in Sources */,
				527007682007FD2F00387E25 /* Category.swift in Sources */,
			);
			runOnlyForDeploymentPostprocessing = 0;
		};
/* End PBXSourcesBuildPhase section */

/* Begin PBXVariantGroup section */
		520E87F81FFAAC88009C794D /* Main.storyboard */ = {
			isa = PBXVariantGroup;
			children = (
				520E87F91FFAAC88009C794D /* Base */,
			);
			name = Main.storyboard;
			sourceTree = "<group>";
		};
		520E87FD1FFAAC88009C794D /* LaunchScreen.storyboard */ = {
			isa = PBXVariantGroup;
			children = (
				520E87FE1FFAAC88009C794D /* Base */,
			);
			name = LaunchScreen.storyboard;
			sourceTree = "<group>";
		};
/* End PBXVariantGroup section */

/* Begin XCBuildConfiguration section */
		520E88011FFAAC88009C794D /* Debug */ = {
			isa = XCBuildConfiguration;
			buildSettings = {
				ALWAYS_SEARCH_USER_PATHS = NO;
				CLANG_ANALYZER_NONNULL = YES;
				CLANG_ANALYZER_NUMBER_OBJECT_CONVERSION = YES_AGGRESSIVE;
				CLANG_CXX_LANGUAGE_STANDARD = "gnu++14";
				CLANG_CXX_LIBRARY = "libc++";
				CLANG_ENABLE_MODULES = YES;
				CLANG_ENABLE_OBJC_ARC = YES;
				CLANG_WARN_BLOCK_CAPTURE_AUTORELEASING = YES;
				CLANG_WARN_BOOL_CONVERSION = YES;
				CLANG_WARN_COMMA = YES;
				CLANG_WARN_CONSTANT_CONVERSION = YES;
				CLANG_WARN_DIRECT_OBJC_ISA_USAGE = YES_ERROR;
				CLANG_WARN_DOCUMENTATION_COMMENTS = YES;
				CLANG_WARN_EMPTY_BODY = YES;
				CLANG_WARN_ENUM_CONVERSION = YES;
				CLANG_WARN_INFINITE_RECURSION = YES;
				CLANG_WARN_INT_CONVERSION = YES;
				CLANG_WARN_NON_LITERAL_NULL_CONVERSION = YES;
				CLANG_WARN_OBJC_LITERAL_CONVERSION = YES;
				CLANG_WARN_OBJC_ROOT_CLASS = YES_ERROR;
				CLANG_WARN_RANGE_LOOP_ANALYSIS = YES;
				CLANG_WARN_STRICT_PROTOTYPES = YES;
				CLANG_WARN_SUSPICIOUS_MOVE = YES;
				CLANG_WARN_UNGUARDED_AVAILABILITY = YES_AGGRESSIVE;
				CLANG_WARN_UNREACHABLE_CODE = YES;
				CLANG_WARN__DUPLICATE_METHOD_MATCH = YES;
				CODE_SIGN_IDENTITY = "iPhone Developer";
				COPY_PHASE_STRIP = NO;
				DEBUG_INFORMATION_FORMAT = dwarf;
				ENABLE_STRICT_OBJC_MSGSEND = YES;
				ENABLE_TESTABILITY = YES;
				GCC_C_LANGUAGE_STANDARD = gnu11;
				GCC_DYNAMIC_NO_PIC = NO;
				GCC_NO_COMMON_BLOCKS = YES;
				GCC_OPTIMIZATION_LEVEL = 0;
				GCC_PREPROCESSOR_DEFINITIONS = (
					"DEBUG=1",
					"$(inherited)",
				);
				GCC_WARN_64_TO_32_BIT_CONVERSION = YES;
				GCC_WARN_ABOUT_RETURN_TYPE = YES_ERROR;
				GCC_WARN_UNDECLARED_SELECTOR = YES;
				GCC_WARN_UNINITIALIZED_AUTOS = YES_AGGRESSIVE;
				GCC_WARN_UNUSED_FUNCTION = YES;
				GCC_WARN_UNUSED_VARIABLE = YES;
				IPHONEOS_DEPLOYMENT_TARGET = 11.2;
				MTL_ENABLE_DEBUG_INFO = YES;
				ONLY_ACTIVE_ARCH = YES;
				SDKROOT = iphoneos;
				SWIFT_ACTIVE_COMPILATION_CONDITIONS = DEBUG;
				SWIFT_OPTIMIZATION_LEVEL = "-Onone";
			};
			name = Debug;
		};
		520E88021FFAAC88009C794D /* Release */ = {
			isa = XCBuildConfiguration;
			buildSettings = {
				ALWAYS_SEARCH_USER_PATHS = NO;
				CLANG_ANALYZER_NONNULL = YES;
				CLANG_ANALYZER_NUMBER_OBJECT_CONVERSION = YES_AGGRESSIVE;
				CLANG_CXX_LANGUAGE_STANDARD = "gnu++14";
				CLANG_CXX_LIBRARY = "libc++";
				CLANG_ENABLE_MODULES = YES;
				CLANG_ENABLE_OBJC_ARC = YES;
				CLANG_WARN_BLOCK_CAPTURE_AUTORELEASING = YES;
				CLANG_WARN_BOOL_CONVERSION = YES;
				CLANG_WARN_COMMA = YES;
				CLANG_WARN_CONSTANT_CONVERSION = YES;
				CLANG_WARN_DIRECT_OBJC_ISA_USAGE = YES_ERROR;
				CLANG_WARN_DOCUMENTATION_COMMENTS = YES;
				CLANG_WARN_EMPTY_BODY = YES;
				CLANG_WARN_ENUM_CONVERSION = YES;
				CLANG_WARN_INFINITE_RECURSION = YES;
				CLANG_WARN_INT_CONVERSION = YES;
				CLANG_WARN_NON_LITERAL_NULL_CONVERSION = YES;
				CLANG_WARN_OBJC_LITERAL_CONVERSION = YES;
				CLANG_WARN_OBJC_ROOT_CLASS = YES_ERROR;
				CLANG_WARN_RANGE_LOOP_ANALYSIS = YES;
				CLANG_WARN_STRICT_PROTOTYPES = YES;
				CLANG_WARN_SUSPICIOUS_MOVE = YES;
				CLANG_WARN_UNGUARDED_AVAILABILITY = YES_AGGRESSIVE;
				CLANG_WARN_UNREACHABLE_CODE = YES;
				CLANG_WARN__DUPLICATE_METHOD_MATCH = YES;
				CODE_SIGN_IDENTITY = "iPhone Developer";
				COPY_PHASE_STRIP = NO;
				DEBUG_INFORMATION_FORMAT = "dwarf-with-dsym";
				ENABLE_NS_ASSERTIONS = NO;
				ENABLE_STRICT_OBJC_MSGSEND = YES;
				GCC_C_LANGUAGE_STANDARD = gnu11;
				GCC_NO_COMMON_BLOCKS = YES;
				GCC_WARN_64_TO_32_BIT_CONVERSION = YES;
				GCC_WARN_ABOUT_RETURN_TYPE = YES_ERROR;
				GCC_WARN_UNDECLARED_SELECTOR = YES;
				GCC_WARN_UNINITIALIZED_AUTOS = YES_AGGRESSIVE;
				GCC_WARN_UNUSED_FUNCTION = YES;
				GCC_WARN_UNUSED_VARIABLE = YES;
				IPHONEOS_DEPLOYMENT_TARGET = 11.2;
				MTL_ENABLE_DEBUG_INFO = NO;
				SDKROOT = iphoneos;
				SWIFT_OPTIMIZATION_LEVEL = "-Owholemodule";
				VALIDATE_PRODUCT = YES;
			};
			name = Release;
		};
		520E88041FFAAC88009C794D /* Debug */ = {
			isa = XCBuildConfiguration;
			baseConfigurationReference = 1C54FF4FA035400C604B8C28 /* Pods-Todoey.debug.xcconfig */;
			buildSettings = {
				ASSETCATALOG_COMPILER_APPICON_NAME = AppIcon;
				CODE_SIGN_STYLE = Automatic;
				DEVELOPMENT_TEAM = H6XPRE5T84;
				INFOPLIST_FILE = Todoey/Info.plist;
				LD_RUNPATH_SEARCH_PATHS = "$(inherited) @executable_path/Frameworks";
				PRODUCT_BUNDLE_IDENTIFIER = com.johncupak.Todoey;
				PRODUCT_NAME = "$(TARGET_NAME)";
				SWIFT_VERSION = 4.0;
				TARGETED_DEVICE_FAMILY = "1,2";
			};
			name = Debug;
		};
		520E88051FFAAC88009C794D /* Release */ = {
			isa = XCBuildConfiguration;
			baseConfigurationReference = A89824EC9AFE20A9837599B3 /* Pods-Todoey.release.xcconfig */;
			buildSettings = {
				ASSETCATALOG_COMPILER_APPICON_NAME = AppIcon;
				CODE_SIGN_STYLE = Automatic;
				DEVELOPMENT_TEAM = H6XPRE5T84;
				INFOPLIST_FILE = Todoey/Info.plist;
				LD_RUNPATH_SEARCH_PATHS = "$(inherited) @executable_path/Frameworks";
				PRODUCT_BUNDLE_IDENTIFIER = com.johncupak.Todoey;
				PRODUCT_NAME = "$(TARGET_NAME)";
				SWIFT_VERSION = 4.0;
				TARGETED_DEVICE_FAMILY = "1,2";
			};
			name = Release;
		};
/* End XCBuildConfiguration section */

/* Begin XCConfigurationList section */
		520E87EC1FFAAC88009C794D /* Build configuration list for PBXProject "Todoey" */ = {
			isa = XCConfigurationList;
			buildConfigurations = (
				520E88011FFAAC88009C794D /* Debug */,
				520E88021FFAAC88009C794D /* Release */,
			);
			defaultConfigurationIsVisible = 0;
			defaultConfigurationName = Release;
		};
		520E88031FFAAC88009C794D /* Build configuration list for PBXNativeTarget "Todoey" */ = {
			isa = XCConfigurationList;
			buildConfigurations = (
				520E88041FFAAC88009C794D /* Debug */,
				520E88051FFAAC88009C794D /* Release */,
			);
			defaultConfigurationIsVisible = 0;
			defaultConfigurationName = Release;
		};
/* End XCConfigurationList section */
	};
	rootObject = 520E87E91FFAAC88009C794D /* Project object */;
}
